
Microsoft Visual Studio Solution File, Format Version 12.00
# Visual Studio Version 17
VisualStudioVersion = 17.9.34728.123
MinimumVisualStudioVersion = 10.0.40219.1
Project("{FAE04EC0-301F-11D3-BF4B-00C04F79EFBC}") = "ASP.NET-APP", "ASP.NET-APP.csproj", "{44589E0E-C277-423A-B414-AB6068DE75E7}"
EndProject
Global
	GlobalSection(SolutionConfigurationPlatforms) = preSolution
		Debug|Any CPU = Debug|Any CPU
		Release|Any CPU = Release|Any CPU
	EndGlobalSection
	GlobalSection(ProjectConfigurationPlatforms) = postSolution
		{44589E0E-C277-423A-B414-AB6068DE75E7}.Debug|Any CPU.ActiveCfg = Debug|Any CPU
		{44589E0E-C277-423A-B414-AB6068DE75E7}.Debug|Any CPU.Build.0 = Debug|Any CPU
		{44589E0E-C277-423A-B414-AB6068DE75E7}.Release|Any CPU.ActiveCfg = Release|Any CPU
		{44589E0E-C277-423A-B414-AB6068DE75E7}.Release|Any CPU.Build.0 = Release|Any CPU
	EndGlobalSection
	GlobalSection(SolutionProperties) = preSolution
		HideSolutionNode = FALSE
	EndGlobalSection
	GlobalSection(ExtensibilityGlobals) = postSolution
		SolutionGuid = {50782DB3-81AE-4D53-9838-5EB46435244B}
	EndGlobalSection
EndGlobal
