
Microsoft Visual Studio Solution File, Format Version 12.00
# Visual Studio Version 17
VisualStudioVersion = 17.9.34728.123
MinimumVisualStudioVersion = 10.0.40219.1
Project("{FAE04EC0-301F-11D3-BF4B-00C04F79EFBC}") = "AngularAuthAPI", "AngularAuthAPI.csproj", "{D1B32431-F0E9-4EB8-A771-3A77C2E8BD9C}"
EndProject
Global
	GlobalSection(SolutionConfigurationPlatforms) = preSolution
		Debug|Any CPU = Debug|Any CPU
		Release|Any CPU = Release|Any CPU
	EndGlobalSection
	GlobalSection(ProjectConfigurationPlatforms) = postSolution
		{D1B32431-F0E9-4EB8-A771-3A77C2E8BD9C}.Debug|Any CPU.ActiveCfg = Debug|Any CPU
		{D1B32431-F0E9-4EB8-A771-3A77C2E8BD9C}.Debug|Any CPU.Build.0 = Debug|Any CPU
		{D1B32431-F0E9-4EB8-A771-3A77C2E8BD9C}.Release|Any CPU.ActiveCfg = Release|Any CPU
		{D1B32431-F0E9-4EB8-A771-3A77C2E8BD9C}.Release|Any CPU.Build.0 = Release|Any CPU
	EndGlobalSection
	GlobalSection(SolutionProperties) = preSolution
		HideSolutionNode = FALSE
	EndGlobalSection
	GlobalSection(ExtensibilityGlobals) = postSolution
		SolutionGuid = {BF36D6E4-9C04-41E6-B7F0-B42AEF47ABC2}
	EndGlobalSection
EndGlobal
