
Microsoft Visual Studio Solution File, Format Version 12.00
# Visual Studio Version 17
VisualStudioVersion = 17.9.34728.123
MinimumVisualStudioVersion = 10.0.40219.1
Project("{FAE04EC0-301F-11D3-BF4B-00C04F79EFBC}") = "BusinessObjectMVC", "BusinessObjectMVC.csproj", "{2542B0D8-9532-42F7-9E9B-86D0AD617195}"
EndProject
Project("{FAE04EC0-301F-11D3-BF4B-00C04F79EFBC}") = "businessLayer", "..\businessLayer\businessLayer.csproj", "{BC8656A9-38F9-402C-851E-69AC6BE6B6A7}"
EndProject
Global
	GlobalSection(SolutionConfigurationPlatforms) = preSolution
		Debug|Any CPU = Debug|Any CPU
		Release|Any CPU = Release|Any CPU
	EndGlobalSection
	GlobalSection(ProjectConfigurationPlatforms) = postSolution
		{2542B0D8-9532-42F7-9E9B-86D0AD617195}.Debug|Any CPU.ActiveCfg = Debug|Any CPU
		{2542B0D8-9532-42F7-9E9B-86D0AD617195}.Debug|Any CPU.Build.0 = Debug|Any CPU
		{2542B0D8-9532-42F7-9E9B-86D0AD617195}.Release|Any CPU.ActiveCfg = Release|Any CPU
		{2542B0D8-9532-42F7-9E9B-86D0AD617195}.Release|Any CPU.Build.0 = Release|Any CPU
		{BC8656A9-38F9-402C-851E-69AC6BE6B6A7}.Debug|Any CPU.ActiveCfg = Debug|Any CPU
		{BC8656A9-38F9-402C-851E-69AC6BE6B6A7}.Debug|Any CPU.Build.0 = Debug|Any CPU
		{BC8656A9-38F9-402C-851E-69AC6BE6B6A7}.Release|Any CPU.ActiveCfg = Release|Any CPU
		{BC8656A9-38F9-402C-851E-69AC6BE6B6A7}.Release|Any CPU.Build.0 = Release|Any CPU
	EndGlobalSection
	GlobalSection(SolutionProperties) = preSolution
		HideSolutionNode = FALSE
	EndGlobalSection
	GlobalSection(ExtensibilityGlobals) = postSolution
		SolutionGuid = {11992F32-B92D-48EE-9780-3E8FDE118FCD}
	EndGlobalSection
EndGlobal
