
Microsoft Visual Studio Solution File, Format Version 12.00
# Visual Studio Version 17
VisualStudioVersion = 17.9.34701.34
MinimumVisualStudioVersion = 10.0.40219.1
Project("{FAE04EC0-301F-11D3-BF4B-00C04F79EFBC}") = "Base-class", "Base-class\Base-class.csproj", "{065EDF79-6824-4719-9C8E-157B3AAF0C07}"
EndProject
Global
	GlobalSection(SolutionConfigurationPlatforms) = preSolution
		Debug|Any CPU = Debug|Any CPU
		Release|Any CPU = Release|Any CPU
	EndGlobalSection
	GlobalSection(ProjectConfigurationPlatforms) = postSolution
		{065EDF79-6824-4719-9C8E-157B3AAF0C07}.Debug|Any CPU.ActiveCfg = Debug|Any CPU
		{065EDF79-6824-4719-9C8E-157B3AAF0C07}.Debug|Any CPU.Build.0 = Debug|Any CPU
		{065EDF79-6824-4719-9C8E-157B3AAF0C07}.Release|Any CPU.ActiveCfg = Release|Any CPU
		{065EDF79-6824-4719-9C8E-157B3AAF0C07}.Release|Any CPU.Build.0 = Release|Any CPU
	EndGlobalSection
	GlobalSection(SolutionProperties) = preSolution
		HideSolutionNode = FALSE
	EndGlobalSection
	GlobalSection(ExtensibilityGlobals) = postSolution
		SolutionGuid = {670E4878-53A2-4E8D-9156-92737C03FB4A}
	EndGlobalSection
EndGlobal
