
Microsoft Visual Studio Solution File, Format Version 12.00
# Visual Studio Version 17
VisualStudioVersion = 17.9.34701.34
MinimumVisualStudioVersion = 10.0.40219.1
Project("{9A19103F-16F7-4668-BE54-9A1E7A4F7556}") = "ClassLib-1", "ClassLib-1\ClassLib-1.csproj", "{D70ADA2A-52BE-4135-921C-CAAC574680DF}"
EndProject
Project("{9A19103F-16F7-4668-BE54-9A1E7A4F7556}") = "ClassLibrary", "ClassLibrary\ClassLibrary.csproj", "{FB80A7CA-FC10-4794-90ED-C902B68EA6B0}"
EndProject
Project("{FAE04EC0-301F-11D3-BF4B-00C04F79EFBC}") = "NameSpace", "NameSpace\NameSpace.csproj", "{92C1D970-A42E-4C3D-8FFF-7F035D4FB15B}"
EndProject
Project("{FAE04EC0-301F-11D3-BF4B-00C04F79EFBC}") = "nameSpaceMain", "nameSpaceMain\nameSpaceMain.csproj", "{BFFEF303-8ABE-48D7-AEBA-442F9E8E922C}"
EndProject
Global
	GlobalSection(SolutionConfigurationPlatforms) = preSolution
		Debug|Any CPU = Debug|Any CPU
		Release|Any CPU = Release|Any CPU
	EndGlobalSection
	GlobalSection(ProjectConfigurationPlatforms) = postSolution
		{D70ADA2A-52BE-4135-921C-CAAC574680DF}.Debug|Any CPU.ActiveCfg = Debug|Any CPU
		{D70ADA2A-52BE-4135-921C-CAAC574680DF}.Debug|Any CPU.Build.0 = Debug|Any CPU
		{D70ADA2A-52BE-4135-921C-CAAC574680DF}.Release|Any CPU.ActiveCfg = Release|Any CPU
		{D70ADA2A-52BE-4135-921C-CAAC574680DF}.Release|Any CPU.Build.0 = Release|Any CPU
		{FB80A7CA-FC10-4794-90ED-C902B68EA6B0}.Debug|Any CPU.ActiveCfg = Debug|Any CPU
		{FB80A7CA-FC10-4794-90ED-C902B68EA6B0}.Debug|Any CPU.Build.0 = Debug|Any CPU
		{FB80A7CA-FC10-4794-90ED-C902B68EA6B0}.Release|Any CPU.ActiveCfg = Release|Any CPU
		{FB80A7CA-FC10-4794-90ED-C902B68EA6B0}.Release|Any CPU.Build.0 = Release|Any CPU
		{92C1D970-A42E-4C3D-8FFF-7F035D4FB15B}.Debug|Any CPU.ActiveCfg = Debug|Any CPU
		{92C1D970-A42E-4C3D-8FFF-7F035D4FB15B}.Debug|Any CPU.Build.0 = Debug|Any CPU
		{92C1D970-A42E-4C3D-8FFF-7F035D4FB15B}.Release|Any CPU.ActiveCfg = Release|Any CPU
		{92C1D970-A42E-4C3D-8FFF-7F035D4FB15B}.Release|Any CPU.Build.0 = Release|Any CPU
		{BFFEF303-8ABE-48D7-AEBA-442F9E8E922C}.Debug|Any CPU.ActiveCfg = Debug|Any CPU
		{BFFEF303-8ABE-48D7-AEBA-442F9E8E922C}.Debug|Any CPU.Build.0 = Debug|Any CPU
		{BFFEF303-8ABE-48D7-AEBA-442F9E8E922C}.Release|Any CPU.ActiveCfg = Release|Any CPU
		{BFFEF303-8ABE-48D7-AEBA-442F9E8E922C}.Release|Any CPU.Build.0 = Release|Any CPU
	EndGlobalSection
	GlobalSection(SolutionProperties) = preSolution
		HideSolutionNode = FALSE
	EndGlobalSection
	GlobalSection(ExtensibilityGlobals) = postSolution
		SolutionGuid = {11724AB7-C1FA-459A-B428-89F2131B7093}
	EndGlobalSection
EndGlobal
