
Microsoft Visual Studio Solution File, Format Version 12.00
# Visual Studio Version 17
VisualStudioVersion = 17.9.34728.123
MinimumVisualStudioVersion = 10.0.40219.1
Project("{FAE04EC0-301F-11D3-BF4B-00C04F79EFBC}") = "WEB_APPLICATION", "WEB_APPLICATION.csproj", "{AF78EDA3-20BC-46E8-9A0C-4724E1DC4D21}"
EndProject
Global
	GlobalSection(SolutionConfigurationPlatforms) = preSolution
		Debug|Any CPU = Debug|Any CPU
		Release|Any CPU = Release|Any CPU
	EndGlobalSection
	GlobalSection(ProjectConfigurationPlatforms) = postSolution
		{AF78EDA3-20BC-46E8-9A0C-4724E1DC4D21}.Debug|Any CPU.ActiveCfg = Debug|Any CPU
		{AF78EDA3-20BC-46E8-9A0C-4724E1DC4D21}.Debug|Any CPU.Build.0 = Debug|Any CPU
		{AF78EDA3-20BC-46E8-9A0C-4724E1DC4D21}.Release|Any CPU.ActiveCfg = Release|Any CPU
		{AF78EDA3-20BC-46E8-9A0C-4724E1DC4D21}.Release|Any CPU.Build.0 = Release|Any CPU
	EndGlobalSection
	GlobalSection(SolutionProperties) = preSolution
		HideSolutionNode = FALSE
	EndGlobalSection
	GlobalSection(ExtensibilityGlobals) = postSolution
		SolutionGuid = {8E902794-F798-4173-933E-02C08CEE6095}
	EndGlobalSection
EndGlobal
