
Microsoft Visual Studio Solution File, Format Version 12.00
# Visual Studio Version 17
VisualStudioVersion = 17.9.34701.34
MinimumVisualStudioVersion = 10.0.40219.1
Project("{FAE04EC0-301F-11D3-BF4B-00C04F79EFBC}") = "datatypes", "datatypes\datatypes.csproj", "{32A40D6A-D6A5-4023-8C90-334FC0C1954A}"
EndProject
Global
	GlobalSection(SolutionConfigurationPlatforms) = preSolution
		Debug|Any CPU = Debug|Any CPU
		Release|Any CPU = Release|Any CPU
	EndGlobalSection
	GlobalSection(ProjectConfigurationPlatforms) = postSolution
		{32A40D6A-D6A5-4023-8C90-334FC0C1954A}.Debug|Any CPU.ActiveCfg = Debug|Any CPU
		{32A40D6A-D6A5-4023-8C90-334FC0C1954A}.Debug|Any CPU.Build.0 = Debug|Any CPU
		{32A40D6A-D6A5-4023-8C90-334FC0C1954A}.Release|Any CPU.ActiveCfg = Release|Any CPU
		{32A40D6A-D6A5-4023-8C90-334FC0C1954A}.Release|Any CPU.Build.0 = Release|Any CPU
	EndGlobalSection
	GlobalSection(SolutionProperties) = preSolution
		HideSolutionNode = FALSE
	EndGlobalSection
	GlobalSection(ExtensibilityGlobals) = postSolution
		SolutionGuid = {35CE5E9F-C5B5-4A90-BFAE-F4A9978FE12D}
	EndGlobalSection
EndGlobal
