
Microsoft Visual Studio Solution File, Format Version 12.00
# Visual Studio Version 17
VisualStudioVersion = 17.9.34701.34
MinimumVisualStudioVersion = 10.0.40219.1
Project("{FAE04EC0-301F-11D3-BF4B-00C04F79EFBC}") = "polymorphism-method", "polymorphism-method\polymorphism-method.csproj", "{5EF452A7-9EF4-42BC-A4E2-3F09EEF377D0}"
EndProject
Global
	GlobalSection(SolutionConfigurationPlatforms) = preSolution
		Debug|Any CPU = Debug|Any CPU
		Release|Any CPU = Release|Any CPU
	EndGlobalSection
	GlobalSection(ProjectConfigurationPlatforms) = postSolution
		{5EF452A7-9EF4-42BC-A4E2-3F09EEF377D0}.Debug|Any CPU.ActiveCfg = Debug|Any CPU
		{5EF452A7-9EF4-42BC-A4E2-3F09EEF377D0}.Debug|Any CPU.Build.0 = Debug|Any CPU
		{5EF452A7-9EF4-42BC-A4E2-3F09EEF377D0}.Release|Any CPU.ActiveCfg = Release|Any CPU
		{5EF452A7-9EF4-42BC-A4E2-3F09EEF377D0}.Release|Any CPU.Build.0 = Release|Any CPU
	EndGlobalSection
	GlobalSection(SolutionProperties) = preSolution
		HideSolutionNode = FALSE
	EndGlobalSection
	GlobalSection(ExtensibilityGlobals) = postSolution
		SolutionGuid = {BCED979E-C3A4-4353-AFA1-CAE6BB04987E}
	EndGlobalSection
EndGlobal
